<?xml version="1.0" encoding="utf-8"?>
<Project ToolsVersion="4.0" xmlns="http://schemas.microsoft.com/developer/msbuild/2003">
  <ItemGroup>
    <Filter Include="Source Files">
      <UniqueIdentifier>{4FC737F1-C7A5-4376-A066-2A32D752A2FF}</UniqueIdentifier>
      <Extensions>cpp;c;cc;cxx;def;odl;idl;hpj;bat;asm;asmx</Extensions>
    </Filter>
    <Filter Include="Header Files">
      <UniqueIdentifier>{93995380-89BD-4b04-88EB-625FBE52EBFB}</UniqueIdentifier>
      <Extensions>h;hh;hpp;hxx;hm;inl;inc;ipp;xsd</Extensions>
    </Filter>
    <Filter Include="Resource Files">
      <UniqueIdentifier>{67DA6AB6-F800-4c08-8B7A-83BB121AAD01}</UniqueIdentifier>
      <Extensions>rc;ico;cur;bmp;dlg;rc2;rct;bin;rgs;gif;jpg;jpeg;jpe;resx;tiff;tif;png;wav;mfcribbon-ms</Extensions>
    </Filter>
    <Filter Include="Source Files\Utility">
      <UniqueIdentifier>{ee56f873-85c2-4a22-b947-634f20dd5683}</UniqueIdentifier>
    </Filter>
    <Filter Include="Source Files\Core">
      <UniqueIdentifier>{c7ff41f6-de7f-4e0d-bfb3-b97530f3b104}</UniqueIdentifier>
    </Filter>
    <Filter Include="Header Files\Core">
      <UniqueIdentifier>{b65d5c89-c4bc-4460-999c-8ddf6df46d7e}</UniqueIdentifier>
    </Filter>
    <Filter Include="Header Files\Utility">
      <UniqueIdentifier>{793a9941-42e5-434b-b8d7-65e9d6992938}</UniqueIdentifier>
    </Filter>
    <Filter Include="Header Files\Core\Behaviours">
      <UniqueIdentifier>{746d931e-f1ff-4cb1-bb6c-5c69f48749d5}</UniqueIdentifier>
    </Filter>
    <Filter Include="Source Files\Core\Behaviours">
      <UniqueIdentifier>{409a0557-fb59-406d-bb92-226bd4b013f4}</UniqueIdentifier>
    </Filter>
    <Filter Include="Header Files\Game">
      <UniqueIdentifier>{86ca1684-397c-467c-9203-82ab63feb4c7}</UniqueIdentifier>
    </Filter>
    <Filter Include="Source Files\Game">
      <UniqueIdentifier>{768d8195-f1b9-4b86-a2ed-afcdd016b8ee}</UniqueIdentifier>
    </Filter>
  </ItemGroup>
  <ItemGroup>
    <ClCompile Include="LuaEngine.cpp">
      <Filter>Source Files</Filter>
    </ClCompile>
    <ClCompile Include="DebugHud.cpp">
      <Filter>Source Files\Utility</Filter>
    </ClCompile>
    <ClCompile Include="LuaExampleCode.cpp">
      <Filter>Source Files\Utility</Filter>
    </ClCompile>
    <ClCompile Include="LuaTransmitter.cpp">
      <Filter>Source Files\Core</Filter>
    </ClCompile>
    <ClCompile Include="Time.cpp">
      <Filter>Source Files\Core</Filter>
    </ClCompile>
    <ClCompile Include="Texture.cpp">
      <Filter>Source Files\Core</Filter>
    </ClCompile>
    <ClCompile Include="Input.cpp">
      <Filter>Source Files\Core</Filter>
    </ClCompile>
    <ClCompile Include="GameObject.cpp">
      <Filter>Source Files\Core</Filter>
    </ClCompile>
    <ClCompile Include="AbstractGame.cpp">
      <Filter>Source Files\Core</Filter>
    </ClCompile>
    <ClCompile Include="World.cpp">
      <Filter>Source Files\Core</Filter>
    </ClCompile>
    <ClCompile Include="AbstractBehaviour.cpp">
      <Filter>Source Files\Core\Behaviours</Filter>
    </ClCompile>
    <ClCompile Include="MouseInputBehaviour.cpp">
      <Filter>Source Files\Core\Behaviours</Filter>
    </ClCompile>
    <ClCompile Include="LuaCardGame.cpp">
      <Filter>Source Files\Game</Filter>
    </ClCompile>
    <ClCompile Include="Card.cpp">
      <Filter>Source Files\Game</Filter>
    </ClCompile>
    <ClCompile Include="ServiceLocator.cpp">
      <Filter>Source Files</Filter>
    </ClCompile>
    <ClCompile Include="LuaObject.cpp">
      <Filter>Source Files</Filter>
    </ClCompile>
    <ClCompile Include="SoundManager.cpp">
      <Filter>Source Files</Filter>
    </ClCompile>
  </ItemGroup>
  <ItemGroup>
    <ClInclude Include="LuaEngine.h">
      <Filter>Header Files</Filter>
    </ClInclude>
    <ClInclude Include="DebugHud.h">
      <Filter>Header Files\Utility</Filter>
    </ClInclude>
    <ClInclude Include="LuaExampleCode.h">
      <Filter>Header Files\Utility</Filter>
    </ClInclude>
    <ClInclude Include="LuaTransmitter.h">
      <Filter>Header Files\Core</Filter>
    </ClInclude>
    <ClInclude Include="Time.h">
      <Filter>Header Files\Core</Filter>
    </ClInclude>
    <ClInclude Include="Texture.h">
      <Filter>Header Files\Core</Filter>
    </ClInclude>
    <ClInclude Include="Input.h">
      <Filter>Header Files\Core</Filter>
    </ClInclude>
    <ClInclude Include="GameObject.h">
      <Filter>Header Files\Core</Filter>
    </ClInclude>
    <ClInclude Include="AbstractGame.h">
      <Filter>Header Files\Core</Filter>
    </ClInclude>
    <ClInclude Include="World.h">
      <Filter>Header Files\Core</Filter>
    </ClInclude>
    <ClInclude Include="AbstractBehaviour.h">
      <Filter>Header Files\Core\Behaviours</Filter>
    </ClInclude>
    <ClInclude Include="MouseInputBehaviour.h">
      <Filter>Header Files\Core\Behaviours</Filter>
    </ClInclude>
    <ClInclude Include="Card.h">
      <Filter>Header Files\Game</Filter>
    </ClInclude>
    <ClInclude Include="LuaCardGame.h">
      <Filter>Header Files\Game</Filter>
    </ClInclude>
    <ClInclude Include="Config.h">
      <Filter>Header Files</Filter>
    </ClInclude>
    <ClInclude Include="ServiceLocator.h">
      <Filter>Header Files\Core</Filter>
    </ClInclude>
    <ClInclude Include="LuaObject.h">
      <Filter>Header Files</Filter>
    </ClInclude>
    <ClInclude Include="SoundManager.h">
      <Filter>Header Files</Filter>
    </ClInclude>
  </ItemGroup>
</Project>